
Microsoft Visual Studio Solution File, Format Version 12.00
# Visual Studio Version 16
VisualStudioVersion = 16.0.32106.194
MinimumVisualStudioVersion = 10.0.40219.1
Project("{FAE04EC0-301F-11D3-BF4B-00C04F79EFBC}") = "State2", "State2\State2.csproj", "{CF016948-B154-49A9-9E6F-52FBD0EE0D04}"
EndProject
Global
	GlobalSection(SolutionConfigurationPlatforms) = preSolution
		Debug|Any CPU = Debug|Any CPU
		Release|Any CPU = Release|Any CPU
	EndGlobalSection
	GlobalSection(ProjectConfigurationPlatforms) = postSolution
		{CF016948-B154-49A9-9E6F-52FBD0EE0D04}.Debug|Any CPU.ActiveCfg = Debug|Any CPU
		{CF016948-B154-49A9-9E6F-52FBD0EE0D04}.Debug|Any CPU.Build.0 = Debug|Any CPU
		{CF016948-B154-49A9-9E6F-52FBD0EE0D04}.Release|Any CPU.ActiveCfg = Release|Any CPU
		{CF016948-B154-49A9-9E6F-52FBD0EE0D04}.Release|Any CPU.Build.0 = Release|Any CPU
	EndGlobalSection
	GlobalSection(SolutionProperties) = preSolution
		HideSolutionNode = FALSE
	EndGlobalSection
	GlobalSection(ExtensibilityGlobals) = postSolution
		SolutionGuid = {86D8E4B6-72A2-49D0-8614-0BFAB68A0431}
	EndGlobalSection
EndGlobal
